
Microsoft Visual Studio Solution File, Format Version 12.00
# Visual Studio Version 17
VisualStudioVersion = 17.7.34221.43
MinimumVisualStudioVersion = 10.0.40219.1
Project("{8BC9CEB8-8B4A-11D0-8D11-00A0C91BC942}") = "HolaMundoBis", "HolaMundoBis.vcxproj", "{4EC7E9A7-0034-4C3A-B056-05446EE37ACA}"
EndProject
Global
	GlobalSection(SolutionConfigurationPlatforms) = preSolution
		Debug|ARM64 = Debug|ARM64
		Debug|x64 = Debug|x64
		Debug|x86 = Debug|x86
		Release|ARM64 = Release|ARM64
		Release|x64 = Release|x64
		Release|x86 = Release|x86
	EndGlobalSection
	GlobalSection(ProjectConfigurationPlatforms) = postSolution
		{4EC7E9A7-0034-4C3A-B056-05446EE37ACA}.Debug|ARM64.ActiveCfg = Debug|ARM64
		{4EC7E9A7-0034-4C3A-B056-05446EE37ACA}.Debug|ARM64.Build.0 = Debug|ARM64
		{4EC7E9A7-0034-4C3A-B056-05446EE37ACA}.Debug|x64.ActiveCfg = Debug|x64
		{4EC7E9A7-0034-4C3A-B056-05446EE37ACA}.Debug|x64.Build.0 = Debug|x64
		{4EC7E9A7-0034-4C3A-B056-05446EE37ACA}.Debug|x86.ActiveCfg = Debug|Win32
		{4EC7E9A7-0034-4C3A-B056-05446EE37ACA}.Debug|x86.Build.0 = Debug|Win32
		{4EC7E9A7-0034-4C3A-B056-05446EE37ACA}.Release|ARM64.ActiveCfg = Release|ARM64
		{4EC7E9A7-0034-4C3A-B056-05446EE37ACA}.Release|ARM64.Build.0 = Release|ARM64
		{4EC7E9A7-0034-4C3A-B056-05446EE37ACA}.Release|x64.ActiveCfg = Release|x64
		{4EC7E9A7-0034-4C3A-B056-05446EE37ACA}.Release|x64.Build.0 = Release|x64
		{4EC7E9A7-0034-4C3A-B056-05446EE37ACA}.Release|x86.ActiveCfg = Release|Win32
		{4EC7E9A7-0034-4C3A-B056-05446EE37ACA}.Release|x86.Build.0 = Release|Win32
	EndGlobalSection
	GlobalSection(SolutionProperties) = preSolution
		HideSolutionNode = FALSE
	EndGlobalSection
	GlobalSection(ExtensibilityGlobals) = postSolution
		SolutionGuid = {7465ADDF-06B0-4A01-9200-C35B5003BDB4}
	EndGlobalSection
EndGlobal
